
Microsoft Visual Studio Solution File, Format Version 12.00
# Visual Studio 15
VisualStudioVersion = 15.0.28307.421
MinimumVisualStudioVersion = 10.0.40219.1
Project("{9A19103F-16F7-4668-BE54-9A1E7A4F7556}") = "jae.euler.test", "jae.euler.test\jae.euler.test.csproj", "{DE01264B-8223-49B3-8FF8-9DA7358CB01C}"
EndProject
Project("{9A19103F-16F7-4668-BE54-9A1E7A4F7556}") = "jae.euler.lib", "jae.euler.lib\jae.euler.lib.csproj", "{A7566D34-2950-4ED3-A1ED-2F2A9FD264BC}"
EndProject
Project("{FAE04EC0-301F-11D3-BF4B-00C04F79EFBC}") = "jae.euler.math", "jae.euler.math\jae.euler.math.csproj", "{B512BF13-ABFE-4CB5-B090-9D36F9D56030}"
EndProject
Project("{FAE04EC0-301F-11D3-BF4B-00C04F79EFBC}") = "jae.euler.runner", "jae.euler.runner\jae.euler.runner.csproj", "{5D1462F4-8907-48ED-9E3A-2E9E24239D86}"
EndProject
Global
	GlobalSection(SolutionConfigurationPlatforms) = preSolution
		Debug|Any CPU = Debug|Any CPU
		Release|Any CPU = Release|Any CPU
	EndGlobalSection
	GlobalSection(ProjectConfigurationPlatforms) = postSolution
		{DE01264B-8223-49B3-8FF8-9DA7358CB01C}.Debug|Any CPU.ActiveCfg = Debug|Any CPU
		{DE01264B-8223-49B3-8FF8-9DA7358CB01C}.Debug|Any CPU.Build.0 = Debug|Any CPU
		{DE01264B-8223-49B3-8FF8-9DA7358CB01C}.Release|Any CPU.ActiveCfg = Release|Any CPU
		{DE01264B-8223-49B3-8FF8-9DA7358CB01C}.Release|Any CPU.Build.0 = Release|Any CPU
		{A7566D34-2950-4ED3-A1ED-2F2A9FD264BC}.Debug|Any CPU.ActiveCfg = Debug|Any CPU
		{A7566D34-2950-4ED3-A1ED-2F2A9FD264BC}.Debug|Any CPU.Build.0 = Debug|Any CPU
		{A7566D34-2950-4ED3-A1ED-2F2A9FD264BC}.Release|Any CPU.ActiveCfg = Release|Any CPU
		{A7566D34-2950-4ED3-A1ED-2F2A9FD264BC}.Release|Any CPU.Build.0 = Release|Any CPU
		{B512BF13-ABFE-4CB5-B090-9D36F9D56030}.Debug|Any CPU.ActiveCfg = Debug|Any CPU
		{B512BF13-ABFE-4CB5-B090-9D36F9D56030}.Debug|Any CPU.Build.0 = Debug|Any CPU
		{B512BF13-ABFE-4CB5-B090-9D36F9D56030}.Release|Any CPU.ActiveCfg = Release|Any CPU
		{B512BF13-ABFE-4CB5-B090-9D36F9D56030}.Release|Any CPU.Build.0 = Release|Any CPU
		{5D1462F4-8907-48ED-9E3A-2E9E24239D86}.Debug|Any CPU.ActiveCfg = Debug|Any CPU
		{5D1462F4-8907-48ED-9E3A-2E9E24239D86}.Debug|Any CPU.Build.0 = Debug|Any CPU
		{5D1462F4-8907-48ED-9E3A-2E9E24239D86}.Release|Any CPU.ActiveCfg = Release|Any CPU
		{5D1462F4-8907-48ED-9E3A-2E9E24239D86}.Release|Any CPU.Build.0 = Release|Any CPU
	EndGlobalSection
	GlobalSection(SolutionProperties) = preSolution
		HideSolutionNode = FALSE
	EndGlobalSection
	GlobalSection(ExtensibilityGlobals) = postSolution
		SolutionGuid = {7E045523-58CA-44AC-8625-10DB292C1721}
	EndGlobalSection
EndGlobal
